schema: '2.0'
stages:
  data_ingestion:
    cmd: python src/data/data_ingestion.py
    deps:
    - path: src/data/data_ingestion.py
      hash: md5
      md5: 2f5485ce57052157072049ca3591f4b1
      size: 3186
    params:
      params.yaml:
        data_ingestion.test_size: 0.2
    outs:
    - path: data/raw
      hash: md5
      md5: fb326d2eec197669f9638afde28356bf.dir
      size: 827973
      nfiles: 2
  data_preprocessing:
    cmd: python src/data/data_preprocessing.py
    deps:
    - path: data/raw
      hash: md5
      md5: fb326d2eec197669f9638afde28356bf.dir
      size: 827973
      nfiles: 2
    - path: src/data/data_preprocessing.py
      hash: md5
      md5: c1e18bf95fcc1e3d80cae9ee7c4a6383
      size: 4014
    outs:
    - path: data/interim
      hash: md5
      md5: ef37afd17951ea8af23114b28d26f784.dir
      size: 566210
      nfiles: 2
  feature_engineering:
    cmd: python src/features/feature_engineering.py
    deps:
    - path: data/interim
      hash: md5
      md5: ef37afd17951ea8af23114b28d26f784.dir
      size: 566210
      nfiles: 2
    - path: src/features/feature_engineering.py
      hash: md5
      md5: 54736d1826e3b8ee3718d3065606c83f
      size: 3885
    params:
      params.yaml:
        feature_engineering.max_features: 101
    outs:
    - path: data/processed
      hash: md5
      md5: a9e4188304605e8df95d33406c080cfc.dir
      size: 2127272
      nfiles: 2
    - path: models/vectorizer.pkl
      hash: md5
      md5: 757d5608cb06ca6335be48018e9a1529
      size: 3206
  model_building:
    cmd: python src/model/model_building.py
    deps:
    - path: data/processed
      hash: md5
      md5: a9e4188304605e8df95d33406c080cfc.dir
      size: 2127272
      nfiles: 2
    - path: src/model/model_building.py
      hash: md5
      md5: 423be2b125428859591cc27d000f7043
      size: 2377
    outs:
    - path: models/model.pkl
      hash: md5
      md5: c23d3109f6f47822263ebccc26671db7
      size: 1482
  model_evaluation:
    cmd: python src/model/model_evaluation.py
    deps:
    - path: data/processed/test_bow.csv
      hash: md5
      md5: bdca5d40efbeb4cae95c0bb8d0ec531e
      size: 425676
    - path: models/model.pkl
      hash: md5
      md5: c23d3109f6f47822263ebccc26671db7
      size: 1482
    - path: src/model/model_evaluation.py
      hash: md5
      md5: 2c25c993d88efef3f5da6df1d0a507ab
      size: 4309
    outs:
    - path: reports/metrics.json
      hash: md5
      md5: e6d72556a342fa124bb82c29f125d0f4
      size: 145
  model_registration:
    cmd: python src/model/register_model.py --stage production
    deps:
    - path: src/model/register_model.py
      hash: md5
      md5: 60baa9fdb6fc7e3a970c6448ccf91019
      size: 2820
    params:
      params.yaml:
        model.stage: production
